// !$*UTF8*$!
{
	archiveVersion = 1;
	classes = {
	};
	objectVersion = 50;
	objects = {

/* Begin PBXBuildFile section */
		096D0BA621B5FBDD007FDBA0 /* MoviePrefs.swift in Sources */ = {isa = PBXBuildFile; fileRef = 096D0BA521B5FBDD007FDBA0 /* MoviePrefs.swift */; };
		096D0BAB21B5FE0C007FDBA0 /* GenresController.swift in Sources */ = {isa = PBXBuildFile; fileRef = 096D0BAA21B5FE0C007FDBA0 /* GenresController.swift */; };
		096D0BAE21B5FEC6007FDBA0 /* GenreCell.swift in Sources */ = {isa = PBXBuildFile; fileRef = 096D0BAD21B5FEC6007FDBA0 /* GenreCell.swift */; };
		096D0BB021B60248007FDBA0 /* Stub.swift in Sources */ = {isa = PBXBuildFile; fileRef = 096D0BAF21B60248007FDBA0 /* Stub.swift */; };
		096D0BB321B604C5007FDBA0 /* GenresDataSource.swift in Sources */ = {isa = PBXBuildFile; fileRef = 096D0BB221B604C5007FDBA0 /* GenresDataSource.swift */; };
		099D3AF021B1CDE300560D6A /* AppDelegate.swift in Sources */ = {isa = PBXBuildFile; fileRef = 099D3AEF21B1CDE300560D6A /* AppDelegate.swift */; };
		099D3AF221B1CDE300560D6A /* ViewController.swift in Sources */ = {isa = PBXBuildFile; fileRef = 099D3AF121B1CDE300560D6A /* ViewController.swift */; };
		099D3AF521B1CDE300560D6A /* Main.storyboard in Resources */ = {isa = PBXBuildFile; fileRef = 099D3AF321B1CDE300560D6A /* Main.storyboard */; };
		099D3AF721B1CDE600560D6A /* Assets.xcassets in Resources */ = {isa = PBXBuildFile; fileRef = 099D3AF621B1CDE600560D6A /* Assets.xcassets */; };
		099D3AFA21B1CDE600560D6A /* LaunchScreen.storyboard in Resources */ = {isa = PBXBuildFile; fileRef = 099D3AF821B1CDE600560D6A /* LaunchScreen.storyboard */; };
		099D3B0321B20A0D00560D6A /* Endpoint.swift in Sources */ = {isa = PBXBuildFile; fileRef = 099D3B0221B20A0D00560D6A /* Endpoint.swift */; };
		099D3B0521B2226400560D6A /* ApiKey.swift in Sources */ = {isa = PBXBuildFile; fileRef = 099D3B0421B2226400560D6A /* ApiKey.swift */; };
		099D3B0721B2272D00560D6A /* ApiClient.swift in Sources */ = {isa = PBXBuildFile; fileRef = 099D3B0621B2272D00560D6A /* ApiClient.swift */; };
		099D3B0A21B22C0E00560D6A /* Page.swift in Sources */ = {isa = PBXBuildFile; fileRef = 099D3B0921B22C0E00560D6A /* Page.swift */; };
		099D3B0C21B22C9000560D6A /* Genre.swift in Sources */ = {isa = PBXBuildFile; fileRef = 099D3B0B21B22C9000560D6A /* Genre.swift */; };
		099D3B1021B2393B00560D6A /* Tmdb.swift in Sources */ = {isa = PBXBuildFile; fileRef = 099D3B0F21B2393B00560D6A /* Tmdb.swift */; };
		099D3B1221B2398000560D6A /* TmdbClient.swift in Sources */ = {isa = PBXBuildFile; fileRef = 099D3B1121B2398000560D6A /* TmdbClient.swift */; };
		09EDCF6021B7372500701213 /* Person.swift in Sources */ = {isa = PBXBuildFile; fileRef = 09EDCF5F21B7372500701213 /* Person.swift */; };
		09EDCF6221B747F700701213 /* PeopleController.swift in Sources */ = {isa = PBXBuildFile; fileRef = 09EDCF6121B747F700701213 /* PeopleController.swift */; };
		09EDCF6421B748B300701213 /* PeopleDataSource.swift in Sources */ = {isa = PBXBuildFile; fileRef = 09EDCF6321B748B300701213 /* PeopleDataSource.swift */; };
		09EDCF6721B7575900701213 /* TableMultiSelectionDelegate.swift in Sources */ = {isa = PBXBuildFile; fileRef = 09EDCF6621B7575900701213 /* TableMultiSelectionDelegate.swift */; };
		09EDCF6921B75D6D00701213 /* PersonCell.swift in Sources */ = {isa = PBXBuildFile; fileRef = 09EDCF6821B75D6D00701213 /* PersonCell.swift */; };
		09EDCF6F21B84E0100701213 /* Movie.swift in Sources */ = {isa = PBXBuildFile; fileRef = 09EDCF6E21B84E0100701213 /* Movie.swift */; };
		09EDCF7121B858A400701213 /* MoviesController.swift in Sources */ = {isa = PBXBuildFile; fileRef = 09EDCF7021B858A400701213 /* MoviesController.swift */; };
		09F041C921B88BD50069212F /* UIViewControllerExtensions.swift in Sources */ = {isa = PBXBuildFile; fileRef = 09F041C821B88BD50069212F /* UIViewControllerExtensions.swift */; };
/* End PBXBuildFile section */

/* Begin PBXFileReference section */
		096D0BA521B5FBDD007FDBA0 /* MoviePrefs.swift */ = {isa = PBXFileReference; lastKnownFileType = sourcecode.swift; path = MoviePrefs.swift; sourceTree = "<group>"; };
		096D0BAA21B5FE0C007FDBA0 /* GenresController.swift */ = {isa = PBXFileReference; lastKnownFileType = sourcecode.swift; path = GenresController.swift; sourceTree = "<group>"; };
		096D0BAD21B5FEC6007FDBA0 /* GenreCell.swift */ = {isa = PBXFileReference; lastKnownFileType = sourcecode.swift; path = GenreCell.swift; sourceTree = "<group>"; };
		096D0BAF21B60248007FDBA0 /* Stub.swift */ = {isa = PBXFileReference; lastKnownFileType = sourcecode.swift; path = Stub.swift; sourceTree = "<group>"; };
		096D0BB221B604C5007FDBA0 /* GenresDataSource.swift */ = {isa = PBXFileReference; lastKnownFileType = sourcecode.swift; path = GenresDataSource.swift; sourceTree = "<group>"; };
		099D3AEC21B1CDE300560D6A /* MovieNight.app */ = {isa = PBXFileReference; explicitFileType = wrapper.application; includeInIndex = 0; path = MovieNight.app; sourceTree = BUILT_PRODUCTS_DIR; };
		099D3AEF21B1CDE300560D6A /* AppDelegate.swift */ = {isa = PBXFileReference; lastKnownFileType = sourcecode.swift; path = AppDelegate.swift; sourceTree = "<group>"; };
		099D3AF121B1CDE300560D6A /* ViewController.swift */ = {isa = PBXFileReference; lastKnownFileType = sourcecode.swift; path = ViewController.swift; sourceTree = "<group>"; };
		099D3AF421B1CDE300560D6A /* Base */ = {isa = PBXFileReference; lastKnownFileType = file.storyboard; name = Base; path = Base.lproj/Main.storyboard; sourceTree = "<group>"; };
		099D3AF621B1CDE600560D6A /* Assets.xcassets */ = {isa = PBXFileReference; lastKnownFileType = folder.assetcatalog; path = Assets.xcassets; sourceTree = "<group>"; };
		099D3AF921B1CDE600560D6A /* Base */ = {isa = PBXFileReference; lastKnownFileType = file.storyboard; name = Base; path = Base.lproj/LaunchScreen.storyboard; sourceTree = "<group>"; };
		099D3AFB21B1CDE600560D6A /* Info.plist */ = {isa = PBXFileReference; lastKnownFileType = text.plist.xml; path = Info.plist; sourceTree = "<group>"; };
		099D3B0221B20A0D00560D6A /* Endpoint.swift */ = {isa = PBXFileReference; lastKnownFileType = sourcecode.swift; path = Endpoint.swift; sourceTree = "<group>"; };
		099D3B0421B2226400560D6A /* ApiKey.swift */ = {isa = PBXFileReference; lastKnownFileType = sourcecode.swift; path = ApiKey.swift; sourceTree = "<group>"; };
		099D3B0621B2272D00560D6A /* ApiClient.swift */ = {isa = PBXFileReference; lastKnownFileType = sourcecode.swift; path = ApiClient.swift; sourceTree = "<group>"; };
		099D3B0921B22C0E00560D6A /* Page.swift */ = {isa = PBXFileReference; lastKnownFileType = sourcecode.swift; path = Page.swift; sourceTree = "<group>"; };
		099D3B0B21B22C9000560D6A /* Genre.swift */ = {isa = PBXFileReference; lastKnownFileType = sourcecode.swift; path = Genre.swift; sourceTree = "<group>"; };
		099D3B0F21B2393B00560D6A /* Tmdb.swift */ = {isa = PBXFileReference; lastKnownFileType = sourcecode.swift; path = Tmdb.swift; sourceTree = "<group>"; };
		099D3B1121B2398000560D6A /* TmdbClient.swift */ = {isa = PBXFileReference; lastKnownFileType = sourcecode.swift; path = TmdbClient.swift; sourceTree = "<group>"; };
		09EDCF5F21B7372500701213 /* Person.swift */ = {isa = PBXFileReference; lastKnownFileType = sourcecode.swift; path = Person.swift; sourceTree = "<group>"; };
		09EDCF6121B747F700701213 /* PeopleController.swift */ = {isa = PBXFileReference; lastKnownFileType = sourcecode.swift; path = PeopleController.swift; sourceTree = "<group>"; };
		09EDCF6321B748B300701213 /* PeopleDataSource.swift */ = {isa = PBXFileReference; lastKnownFileType = sourcecode.swift; path = PeopleDataSource.swift; sourceTree = "<group>"; };
		09EDCF6621B7575900701213 /* TableMultiSelectionDelegate.swift */ = {isa = PBXFileReference; lastKnownFileType = sourcecode.swift; path = TableMultiSelectionDelegate.swift; sourceTree = "<group>"; };
		09EDCF6821B75D6D00701213 /* PersonCell.swift */ = {isa = PBXFileReference; lastKnownFileType = sourcecode.swift; path = PersonCell.swift; sourceTree = "<group>"; };
		09EDCF6E21B84E0100701213 /* Movie.swift */ = {isa = PBXFileReference; lastKnownFileType = sourcecode.swift; path = Movie.swift; sourceTree = "<group>"; };
		09EDCF7021B858A400701213 /* MoviesController.swift */ = {isa = PBXFileReference; lastKnownFileType = sourcecode.swift; path = MoviesController.swift; sourceTree = "<group>"; };
		09F041C821B88BD50069212F /* UIViewControllerExtensions.swift */ = {isa = PBXFileReference; lastKnownFileType = sourcecode.swift; path = UIViewControllerExtensions.swift; sourceTree = "<group>"; };
/* End PBXFileReference section */

/* Begin PBXFrameworksBuildPhase section */
		099D3AE921B1CDE300560D6A /* Frameworks */ = {
			isa = PBXFrameworksBuildPhase;
			buildActionMask = 2147483647;
			files = (
			);
			runOnlyForDeploymentPostprocessing = 0;
		};
/* End PBXFrameworksBuildPhase section */

/* Begin PBXGroup section */
		096D0BA721B5FD31007FDBA0 /* ViewControllers */ = {
			isa = PBXGroup;
			children = (
				099D3AF121B1CDE300560D6A /* ViewController.swift */,
				096D0BAA21B5FE0C007FDBA0 /* GenresController.swift */,
				09EDCF6121B747F700701213 /* PeopleController.swift */,
				09EDCF7021B858A400701213 /* MoviesController.swift */,
			);
			path = ViewControllers;
			sourceTree = "<group>";
		};
		096D0BAC21B5FE99007FDBA0 /* Views */ = {
			isa = PBXGroup;
			children = (
				096D0BAD21B5FEC6007FDBA0 /* GenreCell.swift */,
				09EDCF6821B75D6D00701213 /* PersonCell.swift */,
			);
			path = Views;
			sourceTree = "<group>";
		};
		096D0BB121B60471007FDBA0 /* DataSources */ = {
			isa = PBXGroup;
			children = (
				096D0BB221B604C5007FDBA0 /* GenresDataSource.swift */,
				09EDCF6321B748B300701213 /* PeopleDataSource.swift */,
			);
			path = DataSources;
			sourceTree = "<group>";
		};
		099D3AE321B1CDE300560D6A = {
			isa = PBXGroup;
			children = (
				099D3AEE21B1CDE300560D6A /* MovieNight */,
				099D3AED21B1CDE300560D6A /* Products */,
			);
			sourceTree = "<group>";
		};
		099D3AED21B1CDE300560D6A /* Products */ = {
			isa = PBXGroup;
			children = (
				099D3AEC21B1CDE300560D6A /* MovieNight.app */,
			);
			name = Products;
			sourceTree = "<group>";
		};
		099D3AEE21B1CDE300560D6A /* MovieNight */ = {
			isa = PBXGroup;
			children = (
				09F041C721B88BBA0069212F /* Extensions */,
				09EDCF6521B7570B00701213 /* Delegates */,
				096D0BB121B60471007FDBA0 /* DataSources */,
				096D0BAC21B5FE99007FDBA0 /* Views */,
				096D0BA721B5FD31007FDBA0 /* ViewControllers */,
				099D3B0821B22BD600560D6A /* Models */,
				099D3B0121B1CF6500560D6A /* Networking */,
				099D3AEF21B1CDE300560D6A /* AppDelegate.swift */,
				099D3AF321B1CDE300560D6A /* Main.storyboard */,
				099D3AF621B1CDE600560D6A /* Assets.xcassets */,
				099D3AF821B1CDE600560D6A /* LaunchScreen.storyboard */,
				099D3AFB21B1CDE600560D6A /* Info.plist */,
			);
			path = MovieNight;
			sourceTree = "<group>";
		};
		099D3B0121B1CF6500560D6A /* Networking */ = {
			isa = PBXGroup;
			children = (
				099D3B0221B20A0D00560D6A /* Endpoint.swift */,
				099D3B0421B2226400560D6A /* ApiKey.swift */,
				099D3B0621B2272D00560D6A /* ApiClient.swift */,
				099D3B0F21B2393B00560D6A /* Tmdb.swift */,
				099D3B1121B2398000560D6A /* TmdbClient.swift */,
			);
			path = Networking;
			sourceTree = "<group>";
		};
		099D3B0821B22BD600560D6A /* Models */ = {
			isa = PBXGroup;
			children = (
				099D3B0921B22C0E00560D6A /* Page.swift */,
				099D3B0B21B22C9000560D6A /* Genre.swift */,
				096D0BA521B5FBDD007FDBA0 /* MoviePrefs.swift */,
				096D0BAF21B60248007FDBA0 /* Stub.swift */,
				09EDCF5F21B7372500701213 /* Person.swift */,
				09EDCF6E21B84E0100701213 /* Movie.swift */,
			);
			path = Models;
			sourceTree = "<group>";
		};
		09EDCF6521B7570B00701213 /* Delegates */ = {
			isa = PBXGroup;
			children = (
				09EDCF6621B7575900701213 /* TableMultiSelectionDelegate.swift */,
			);
			path = Delegates;
			sourceTree = "<group>";
		};
		09F041C721B88BBA0069212F /* Extensions */ = {
			isa = PBXGroup;
			children = (
				09F041C821B88BD50069212F /* UIViewControllerExtensions.swift */,
			);
			path = Extensions;
			sourceTree = "<group>";
		};
/* End PBXGroup section */

/* Begin PBXNativeTarget section */
		099D3AEB21B1CDE300560D6A /* MovieNight */ = {
			isa = PBXNativeTarget;
			buildConfigurationList = 099D3AFE21B1CDE600560D6A /* Build configuration list for PBXNativeTarget "MovieNight" */;
			buildPhases = (
				099D3AE821B1CDE300560D6A /* Sources */,
				099D3AE921B1CDE300560D6A /* Frameworks */,
				099D3AEA21B1CDE300560D6A /* Resources */,
			);
			buildRules = (
			);
			dependencies = (
			);
			name = MovieNight;
			productName = MovieNight;
			productReference = 099D3AEC21B1CDE300560D6A /* MovieNight.app */;
			productType = "com.apple.product-type.application";
		};
/* End PBXNativeTarget section */

/* Begin PBXProject section */
		099D3AE421B1CDE300560D6A /* Project object */ = {
			isa = PBXProject;
			attributes = {
				LastSwiftUpdateCheck = 1010;
				LastUpgradeCheck = 1010;
				ORGANIZATIONNAME = "Round and Rhombus";
				TargetAttributes = {
					099D3AEB21B1CDE300560D6A = {
						CreatedOnToolsVersion = 10.1;
					};
				};
			};
			buildConfigurationList = 099D3AE721B1CDE300560D6A /* Build configuration list for PBXProject "MovieNight" */;
			compatibilityVersion = "Xcode 9.3";
			developmentRegion = en;
			hasScannedForEncodings = 0;
			knownRegions = (
				en,
				Base,
			);
			mainGroup = 099D3AE321B1CDE300560D6A;
			productRefGroup = 099D3AED21B1CDE300560D6A /* Products */;
			projectDirPath = "";
			projectRoot = "";
			targets = (
				099D3AEB21B1CDE300560D6A /* MovieNight */,
			);
		};
/* End PBXProject section */

/* Begin PBXResourcesBuildPhase section */
		099D3AEA21B1CDE300560D6A /* Resources */ = {
			isa = PBXResourcesBuildPhase;
			buildActionMask = 2147483647;
			files = (
				099D3AFA21B1CDE600560D6A /* LaunchScreen.storyboard in Resources */,
				099D3AF721B1CDE600560D6A /* Assets.xcassets in Resources */,
				099D3AF521B1CDE300560D6A /* Main.storyboard in Resources */,
			);
			runOnlyForDeploymentPostprocessing = 0;
		};
/* End PBXResourcesBuildPhase section */

/* Begin PBXSourcesBuildPhase section */
		099D3AE821B1CDE300560D6A /* Sources */ = {
			isa = PBXSourcesBuildPhase;
			buildActionMask = 2147483647;
			files = (
				09F041C921B88BD50069212F /* UIViewControllerExtensions.swift in Sources */,
				09EDCF6021B7372500701213 /* Person.swift in Sources */,
				099D3AF221B1CDE300560D6A /* ViewController.swift in Sources */,
				09EDCF6921B75D6D00701213 /* PersonCell.swift in Sources */,
				099D3B1021B2393B00560D6A /* Tmdb.swift in Sources */,
				09EDCF6721B7575900701213 /* TableMultiSelectionDelegate.swift in Sources */,
				096D0BB321B604C5007FDBA0 /* GenresDataSource.swift in Sources */,
				096D0BAB21B5FE0C007FDBA0 /* GenresController.swift in Sources */,
				099D3B1221B2398000560D6A /* TmdbClient.swift in Sources */,
				099D3B0321B20A0D00560D6A /* Endpoint.swift in Sources */,
				099D3B0A21B22C0E00560D6A /* Page.swift in Sources */,
				09EDCF6421B748B300701213 /* PeopleDataSource.swift in Sources */,
				096D0BA621B5FBDD007FDBA0 /* MoviePrefs.swift in Sources */,
				096D0BB021B60248007FDBA0 /* Stub.swift in Sources */,
				09EDCF6221B747F700701213 /* PeopleController.swift in Sources */,
				09EDCF7121B858A400701213 /* MoviesController.swift in Sources */,
				09EDCF6F21B84E0100701213 /* Movie.swift in Sources */,
				099D3B0521B2226400560D6A /* ApiKey.swift in Sources */,
				099D3AF021B1CDE300560D6A /* AppDelegate.swift in Sources */,
				099D3B0721B2272D00560D6A /* ApiClient.swift in Sources */,
				099D3B0C21B22C9000560D6A /* Genre.swift in Sources */,
				096D0BAE21B5FEC6007FDBA0 /* GenreCell.swift in Sources */,
			);
			runOnlyForDeploymentPostprocessing = 0;
		};
/* End PBXSourcesBuildPhase section */

/* Begin PBXVariantGroup section */
		099D3AF321B1CDE300560D6A /* Main.storyboard */ = {
			isa = PBXVariantGroup;
			children = (
				099D3AF421B1CDE300560D6A /* Base */,
			);
			name = Main.storyboard;
			sourceTree = "<group>";
		};
		099D3AF821B1CDE600560D6A /* LaunchScreen.storyboard */ = {
			isa = PBXVariantGroup;
			children = (
				099D3AF921B1CDE600560D6A /* Base */,
			);
			name = LaunchScreen.storyboard;
			sourceTree = "<group>";
		};
/* End PBXVariantGroup section */

/* Begin XCBuildConfiguration section */
		099D3AFC21B1CDE600560D6A /* Debug */ = {
			isa = XCBuildConfiguration;
			buildSettings = {
				ALWAYS_SEARCH_USER_PATHS = NO;
				CLANG_ANALYZER_NONNULL = YES;
				CLANG_ANALYZER_NUMBER_OBJECT_CONVERSION = YES_AGGRESSIVE;
				CLANG_CXX_LANGUAGE_STANDARD = "gnu++14";
				CLANG_CXX_LIBRARY = "libc++";
				CLANG_ENABLE_MODULES = YES;
				CLANG_ENABLE_OBJC_ARC = YES;
				CLANG_ENABLE_OBJC_WEAK = YES;
				CLANG_WARN_BLOCK_CAPTURE_AUTORELEASING = YES;
				CLANG_WARN_BOOL_CONVERSION = YES;
				CLANG_WARN_COMMA = YES;
				CLANG_WARN_CONSTANT_CONVERSION = YES;
				CLANG_WARN_DEPRECATED_OBJC_IMPLEMENTATIONS = YES;
				CLANG_WARN_DIRECT_OBJC_ISA_USAGE = YES_ERROR;
				CLANG_WARN_DOCUMENTATION_COMMENTS = YES;
				CLANG_WARN_EMPTY_BODY = YES;
				CLANG_WARN_ENUM_CONVERSION = YES;
				CLANG_WARN_INFINITE_RECURSION = YES;
				CLANG_WARN_INT_CONVERSION = YES;
				CLANG_WARN_NON_LITERAL_NULL_CONVERSION = YES;
				CLANG_WARN_OBJC_IMPLICIT_RETAIN_SELF = YES;
				CLANG_WARN_OBJC_LITERAL_CONVERSION = YES;
				CLANG_WARN_OBJC_ROOT_CLASS = YES_ERROR;
				CLANG_WARN_RANGE_LOOP_ANALYSIS = YES;
				CLANG_WARN_STRICT_PROTOTYPES = YES;
				CLANG_WARN_SUSPICIOUS_MOVE = YES;
				CLANG_WARN_UNGUARDED_AVAILABILITY = YES_AGGRESSIVE;
				CLANG_WARN_UNREACHABLE_CODE = YES;
				CLANG_WARN__DUPLICATE_METHOD_MATCH = YES;
				CODE_SIGN_IDENTITY = "iPhone Developer";
				COPY_PHASE_STRIP = NO;
				DEBUG_INFORMATION_FORMAT = dwarf;
				ENABLE_STRICT_OBJC_MSGSEND = YES;
				ENABLE_TESTABILITY = YES;
				GCC_C_LANGUAGE_STANDARD = gnu11;
				GCC_DYNAMIC_NO_PIC = NO;
				GCC_NO_COMMON_BLOCKS = YES;
				GCC_OPTIMIZATION_LEVEL = 0;
				GCC_PREPROCESSOR_DEFINITIONS = (
					"DEBUG=1",
					"$(inherited)",
				);
				GCC_WARN_64_TO_32_BIT_CONVERSION = YES;
				GCC_WARN_ABOUT_RETURN_TYPE = YES_ERROR;
				GCC_WARN_UNDECLARED_SELECTOR = YES;
				GCC_WARN_UNINITIALIZED_AUTOS = YES_AGGRESSIVE;
				GCC_WARN_UNUSED_FUNCTION = YES;
				GCC_WARN_UNUSED_VARIABLE = YES;
				IPHONEOS_DEPLOYMENT_TARGET = 12.1;
				MTL_ENABLE_DEBUG_INFO = INCLUDE_SOURCE;
				MTL_FAST_MATH = YES;
				ONLY_ACTIVE_ARCH = YES;
				SDKROOT = iphoneos;
				SWIFT_ACTIVE_COMPILATION_CONDITIONS = DEBUG;
				SWIFT_OPTIMIZATION_LEVEL = "-Onone";
			};
			name = Debug;
		};
		099D3AFD21B1CDE600560D6A /* Release */ = {
			isa = XCBuildConfiguration;
			buildSettings = {
				ALWAYS_SEARCH_USER_PATHS = NO;
				CLANG_ANALYZER_NONNULL = YES;
				CLANG_ANALYZER_NUMBER_OBJECT_CONVERSION = YES_AGGRESSIVE;
				CLANG_CXX_LANGUAGE_STANDARD = "gnu++14";
				CLANG_CXX_LIBRARY = "libc++";
				CLANG_ENABLE_MODULES = YES;
				CLANG_ENABLE_OBJC_ARC = YES;
				CLANG_ENABLE_OBJC_WEAK = YES;
				CLANG_WARN_BLOCK_CAPTURE_AUTORELEASING = YES;
				CLANG_WARN_BOOL_CONVERSION = YES;
				CLANG_WARN_COMMA = YES;
				CLANG_WARN_CONSTANT_CONVERSION = YES;
				CLANG_WARN_DEPRECATED_OBJC_IMPLEMENTATIONS = YES;
				CLANG_WARN_DIRECT_OBJC_ISA_USAGE = YES_ERROR;
				CLANG_WARN_DOCUMENTATION_COMMENTS = YES;
				CLANG_WARN_EMPTY_BODY = YES;
				CLANG_WARN_ENUM_CONVERSION = YES;
				CLANG_WARN_INFINITE_RECURSION = YES;
				CLANG_WARN_INT_CONVERSION = YES;
				CLANG_WARN_NON_LITERAL_NULL_CONVERSION = YES;
				CLANG_WARN_OBJC_IMPLICIT_RETAIN_SELF = YES;
				CLANG_WARN_OBJC_LITERAL_CONVERSION = YES;
				CLANG_WARN_OBJC_ROOT_CLASS = YES_ERROR;
				CLANG_WARN_RANGE_LOOP_ANALYSIS = YES;
				CLANG_WARN_STRICT_PROTOTYPES = YES;
				CLANG_WARN_SUSPICIOUS_MOVE = YES;
				CLANG_WARN_UNGUARDED_AVAILABILITY = YES_AGGRESSIVE;
				CLANG_WARN_UNREACHABLE_CODE = YES;
				CLANG_WARN__DUPLICATE_METHOD_MATCH = YES;
				CODE_SIGN_IDENTITY = "iPhone Developer";
				COPY_PHASE_STRIP = NO;
				DEBUG_INFORMATION_FORMAT = "dwarf-with-dsym";
				ENABLE_NS_ASSERTIONS = NO;
				ENABLE_STRICT_OBJC_MSGSEND = YES;
				GCC_C_LANGUAGE_STANDARD = gnu11;
				GCC_NO_COMMON_BLOCKS = YES;
				GCC_WARN_64_TO_32_BIT_CONVERSION = YES;
				GCC_WARN_ABOUT_RETURN_TYPE = YES_ERROR;
				GCC_WARN_UNDECLARED_SELECTOR = YES;
				GCC_WARN_UNINITIALIZED_AUTOS = YES_AGGRESSIVE;
				GCC_WARN_UNUSED_FUNCTION = YES;
				GCC_WARN_UNUSED_VARIABLE = YES;
				IPHONEOS_DEPLOYMENT_TARGET = 12.1;
				MTL_ENABLE_DEBUG_INFO = NO;
				MTL_FAST_MATH = YES;
				SDKROOT = iphoneos;
				SWIFT_COMPILATION_MODE = wholemodule;
				SWIFT_OPTIMIZATION_LEVEL = "-O";
				VALIDATE_PRODUCT = YES;
			};
			name = Release;
		};
		099D3AFF21B1CDE600560D6A /* Debug */ = {
			isa = XCBuildConfiguration;
			buildSettings = {
				ASSETCATALOG_COMPILER_APPICON_NAME = AppIcon;
				CODE_SIGN_STYLE = Automatic;
				DEVELOPMENT_TEAM = HNRE2G9YKL;
				INFOPLIST_FILE = MovieNight/Info.plist;
				LD_RUNPATH_SEARCH_PATHS = (
					"$(inherited)",
					"@executable_path/Frameworks",
				);
				PRODUCT_BUNDLE_IDENTIFIER = com.roundandrhombus.MovieNight;
				PRODUCT_NAME = "$(TARGET_NAME)";
				SWIFT_VERSION = 4.2;
				TARGETED_DEVICE_FAMILY = "1,2";
			};
			name = Debug;
		};
		099D3B0021B1CDE600560D6A /* Release */ = {
			isa = XCBuildConfiguration;
			buildSettings = {
				ASSETCATALOG_COMPILER_APPICON_NAME = AppIcon;
				CODE_SIGN_STYLE = Automatic;
				DEVELOPMENT_TEAM = HNRE2G9YKL;
				INFOPLIST_FILE = MovieNight/Info.plist;
				LD_RUNPATH_SEARCH_PATHS = (
					"$(inherited)",
					"@executable_path/Frameworks",
				);
				PRODUCT_BUNDLE_IDENTIFIER = com.roundandrhombus.MovieNight;
				PRODUCT_NAME = "$(TARGET_NAME)";
				SWIFT_VERSION = 4.2;
				TARGETED_DEVICE_FAMILY = "1,2";
			};
			name = Release;
		};
/* End XCBuildConfiguration section */

/* Begin XCConfigurationList section */
		099D3AE721B1CDE300560D6A /* Build configuration list for PBXProject "MovieNight" */ = {
			isa = XCConfigurationList;
			buildConfigurations = (
				099D3AFC21B1CDE600560D6A /* Debug */,
				099D3AFD21B1CDE600560D6A /* Release */,
			);
			defaultConfigurationIsVisible = 0;
			defaultConfigurationName = Release;
		};
		099D3AFE21B1CDE600560D6A /* Build configuration list for PBXNativeTarget "MovieNight" */ = {
			isa = XCConfigurationList;
			buildConfigurations = (
				099D3AFF21B1CDE600560D6A /* Debug */,
				099D3B0021B1CDE600560D6A /* Release */,
			);
			defaultConfigurationIsVisible = 0;
			defaultConfigurationName = Release;
		};
/* End XCConfigurationList section */
	};
	rootObject = 099D3AE421B1CDE300560D6A /* Project object */;
}
